
Microsoft Visual Studio Solution File, Format Version 12.00
Project("{FAE04EC0-301F-11D3-BF4B-00C04F79EFBC}") = "Peasmod4", "Peasmod4\Peasmod4\Peasmod4.csproj", "{1B16A3AE-3EBA-4889-BB80-C97954E3538B}"
EndProject
Global
	GlobalSection(SolutionConfigurationPlatforms) = preSolution
		Debug|Any CPU = Debug|Any CPU
		Release|Any CPU = Release|Any CPU
		API|Any CPU = API|Any CPU
		Dev|Any CPU = Dev|Any CPU
	EndGlobalSection
	GlobalSection(ProjectConfigurationPlatforms) = postSolution
		{1B16A3AE-3EBA-4889-BB80-C97954E3538B}.Debug|Any CPU.ActiveCfg = Debug|Any CPU
		{1B16A3AE-3EBA-4889-BB80-C97954E3538B}.Debug|Any CPU.Build.0 = Debug|Any CPU
		{1B16A3AE-3EBA-4889-BB80-C97954E3538B}.Release|Any CPU.ActiveCfg = Release|Any CPU
		{1B16A3AE-3EBA-4889-BB80-C97954E3538B}.Release|Any CPU.Build.0 = Release|Any CPU
		{1B16A3AE-3EBA-4889-BB80-C97954E3538B}.API|Any CPU.ActiveCfg = API|Any CPU
		{1B16A3AE-3EBA-4889-BB80-C97954E3538B}.API|Any CPU.Build.0 = API|Any CPU
		{1B16A3AE-3EBA-4889-BB80-C97954E3538B}.Dev|Any CPU.ActiveCfg = Dev|Any CPU
		{1B16A3AE-3EBA-4889-BB80-C97954E3538B}.Dev|Any CPU.Build.0 = Dev|Any CPU
	EndGlobalSection
EndGlobal
